
Microsoft Visual Studio Solution File, Format Version 12.00
# Visual Studio Version 16
VisualStudioVersion = 16.0.30621.155
MinimumVisualStudioVersion = 10.0.40219.1
Project("{FAE04EC0-301F-11D3-BF4B-00C04F79EFBC}") = "Image_Converter", "Image_Converter.csproj", "{08248326-A40D-4149-BD92-4C5D00F063BF}"
EndProject
Global
	GlobalSection(SolutionConfigurationPlatforms) = preSolution
		Debug|Any CPU = Debug|Any CPU
		Release|Any CPU = Release|Any CPU
	EndGlobalSection
	GlobalSection(ProjectConfigurationPlatforms) = postSolution
		{08248326-A40D-4149-BD92-4C5D00F063BF}.Debug|Any CPU.ActiveCfg = Debug|Any CPU
		{08248326-A40D-4149-BD92-4C5D00F063BF}.Debug|Any CPU.Build.0 = Debug|Any CPU
		{08248326-A40D-4149-BD92-4C5D00F063BF}.Release|Any CPU.ActiveCfg = Release|Any CPU
		{08248326-A40D-4149-BD92-4C5D00F063BF}.Release|Any CPU.Build.0 = Release|Any CPU
	EndGlobalSection
	GlobalSection(SolutionProperties) = preSolution
		HideSolutionNode = FALSE
	EndGlobalSection
	GlobalSection(ExtensibilityGlobals) = postSolution
		SolutionGuid = {E1519380-DC7A-43A1-AE9C-B1B1ECF80571}
	EndGlobalSection
EndGlobal
